
Microsoft Visual Studio Solution File, Format Version 12.00
# Visual Studio Version 16
VisualStudioVersion = 16.0.30523.141
MinimumVisualStudioVersion = 10.0.40219.1
Project("{888888A0-9F3D-457C-B088-3A5042F75D52}") = "TelloScan", "TelloScan.pyproj", "{8C5B48B1-4207-48B7-91C0-86F0600613DB}"
EndProject
Global
	GlobalSection(SolutionConfigurationPlatforms) = preSolution
		Debug|Any CPU = Debug|Any CPU
		Release|Any CPU = Release|Any CPU
	EndGlobalSection
	GlobalSection(ProjectConfigurationPlatforms) = postSolution
		{8C5B48B1-4207-48B7-91C0-86F0600613DB}.Debug|Any CPU.ActiveCfg = Debug|Any CPU
		{8C5B48B1-4207-48B7-91C0-86F0600613DB}.Release|Any CPU.ActiveCfg = Release|Any CPU
	EndGlobalSection
	GlobalSection(SolutionProperties) = preSolution
		HideSolutionNode = FALSE
	EndGlobalSection
	GlobalSection(ExtensibilityGlobals) = postSolution
		SolutionGuid = {0A066A12-E595-4D0D-BF00-6BC30B7F8E67}
	EndGlobalSection
EndGlobal
